dependencies:
- name: prometheus
  repository: https://prometheus-community.github.io/helm-charts
  version: 27.23.0
- name: jaeger
  repository: https://jaegertracing.github.io/helm-charts
  version: 3.4.1
- name: grafana
  repository: https://charts.bitnami.com/bitnami
  version: 12.0.8
digest: sha256:0ac996892c3693153c53e4aee62388fc4109b9a24babf85648bd232652596ef6
generated: "2025-07-04T16:36:28.554301+05:00"
