dependencies:
- name: prometheus
  repository: https://prometheus-community.github.io/helm-charts
  version: 27.23.0
- name: jaeger
  repository: https://jaegertracing.github.io/helm-charts
  version: 3.4.1
- name: grafana
  repository: https://charts.bitnami.com/bitnami
  version: 12.0.8
- name: cadvisor
  repository: https://charts.bitnami.com/bitnami
  version: 0.1.10
- name: node-exporter
  repository: https://charts.bitnami.com/bitnami
  version: 4.5.16
digest: sha256:32d23bf4325de933ea0d728a05bae2d1b9b74c5f1819ee5482ad2b5f074a2051
generated: "2025-07-07T15:47:44.300684+05:00"
